
Microsoft Visual Studio Solution File, Format Version 12.00
# Visual Studio Version 17
VisualStudioVersion = 17.0.31903.59
MinimumVisualStudioVersion = 10.0.40219.1
Project("{2150E333-8FDC-42A3-9474-1A3956D46DE8}") = "src", "src", "{827E0CD3-B72D-47B6-A68D-7590B98EB39B}"
EndProject
Project("{FAE04EC0-301F-11D3-BF4B-00C04F79EFBC}") = "Tevscare.Domain", "src\Tevscare.Domain\Tevscare.Domain.csproj", "{D747EF88-8D0F-4854-9481-9EE92928DFD9}"
EndProject
Project("{FAE04EC0-301F-11D3-BF4B-00C04F79EFBC}") = "Tevscare.Application", "src\Tevscare.Application\Tevscare.Application.csproj", "{DBE11D75-3909-4DF6-A960-CF2E227B63DB}"
EndProject
Project("{FAE04EC0-301F-11D3-BF4B-00C04F79EFBC}") = "Tevscare.Infrastructure", "src\Tevscare.Infrastructure\Tevscare.Infrastructure.csproj", "{35F05869-3650-46F1-9F97-B8B3BF86D367}"
EndProject
Project("{FAE04EC0-301F-11D3-BF4B-00C04F79EFBC}") = "Tevscare.Api", "src\Tevscare.Api\Tevscare.Api.csproj", "{10B2B344-2DE1-4F37-8CD0-558E26C100F6}"
EndProject
Project("{FAE04EC0-301F-11D3-BF4B-00C04F79EFBC}") = "Tevscare.UnitTests", "tests\Tevscare.UnitTests\Tevscare.UnitTests.csproj", "{CAF47041-2846-4469-AE29-2B5208D1A6E3}"
EndProject
Project("{FAE04EC0-301F-11D3-BF4B-00C04F79EFBC}") = "Tevscare.Api.Tests", "tests\Tevscare.Api.Tests\Tevscare.Api.Tests.csproj", "{7B619406-D854-4122-93DB-87A987985ADE}"
EndProject
Global
	GlobalSection(SolutionConfigurationPlatforms) = preSolution
		Debug|Any CPU = Debug|Any CPU
		Debug|x64 = Debug|x64
		Debug|x86 = Debug|x86
		Release|Any CPU = Release|Any CPU
		Release|x64 = Release|x64
		Release|x86 = Release|x86
	EndGlobalSection
	GlobalSection(ProjectConfigurationPlatforms) = postSolution
		{D747EF88-8D0F-4854-9481-9EE92928DFD9}.Debug|Any CPU.ActiveCfg = Debug|Any CPU
		{D747EF88-8D0F-4854-9481-9EE92928DFD9}.Debug|Any CPU.Build.0 = Debug|Any CPU
		{D747EF88-8D0F-4854-9481-9EE92928DFD9}.Debug|x64.ActiveCfg = Debug|Any CPU
		{D747EF88-8D0F-4854-9481-9EE92928DFD9}.Debug|x64.Build.0 = Debug|Any CPU
		{D747EF88-8D0F-4854-9481-9EE92928DFD9}.Debug|x86.ActiveCfg = Debug|Any CPU
		{D747EF88-8D0F-4854-9481-9EE92928DFD9}.Debug|x86.Build.0 = Debug|Any CPU
		{D747EF88-8D0F-4854-9481-9EE92928DFD9}.Release|Any CPU.ActiveCfg = Release|Any CPU
		{D747EF88-8D0F-4854-9481-9EE92928DFD9}.Release|Any CPU.Build.0 = Release|Any CPU
		{D747EF88-8D0F-4854-9481-9EE92928DFD9}.Release|x64.ActiveCfg = Release|Any CPU
		{D747EF88-8D0F-4854-9481-9EE92928DFD9}.Release|x64.Build.0 = Release|Any CPU
		{D747EF88-8D0F-4854-9481-9EE92928DFD9}.Release|x86.ActiveCfg = Release|Any CPU
		{D747EF88-8D0F-4854-9481-9EE92928DFD9}.Release|x86.Build.0 = Release|Any CPU
		{DBE11D75-3909-4DF6-A960-CF2E227B63DB}.Debug|Any CPU.ActiveCfg = Debug|Any CPU
		{DBE11D75-3909-4DF6-A960-CF2E227B63DB}.Debug|Any CPU.Build.0 = Debug|Any CPU
		{DBE11D75-3909-4DF6-A960-CF2E227B63DB}.Debug|x64.ActiveCfg = Debug|Any CPU
		{DBE11D75-3909-4DF6-A960-CF2E227B63DB}.Debug|x64.Build.0 = Debug|Any CPU
		{DBE11D75-3909-4DF6-A960-CF2E227B63DB}.Debug|x86.ActiveCfg = Debug|Any CPU
		{DBE11D75-3909-4DF6-A960-CF2E227B63DB}.Debug|x86.Build.0 = Debug|Any CPU
		{DBE11D75-3909-4DF6-A960-CF2E227B63DB}.Release|Any CPU.ActiveCfg = Release|Any CPU
		{DBE11D75-3909-4DF6-A960-CF2E227B63DB}.Release|Any CPU.Build.0 = Release|Any CPU
		{DBE11D75-3909-4DF6-A960-CF2E227B63DB}.Release|x64.ActiveCfg = Release|Any CPU
		{DBE11D75-3909-4DF6-A960-CF2E227B63DB}.Release|x64.Build.0 = Release|Any CPU
		{DBE11D75-3909-4DF6-A960-CF2E227B63DB}.Release|x86.ActiveCfg = Release|Any CPU
		{DBE11D75-3909-4DF6-A960-CF2E227B63DB}.Release|x86.Build.0 = Release|Any CPU
		{35F05869-3650-46F1-9F97-B8B3BF86D367}.Debug|Any CPU.ActiveCfg = Debug|Any CPU
		{35F05869-3650-46F1-9F97-B8B3BF86D367}.Debug|Any CPU.Build.0 = Debug|Any CPU
		{35F05869-3650-46F1-9F97-B8B3BF86D367}.Debug|x64.ActiveCfg = Debug|Any CPU
		{35F05869-3650-46F1-9F97-B8B3BF86D367}.Debug|x64.Build.0 = Debug|Any CPU
		{35F05869-3650-46F1-9F97-B8B3BF86D367}.Debug|x86.ActiveCfg = Debug|Any CPU
		{35F05869-3650-46F1-9F97-B8B3BF86D367}.Debug|x86.Build.0 = Debug|Any CPU
		{35F05869-3650-46F1-9F97-B8B3BF86D367}.Release|Any CPU.ActiveCfg = Release|Any CPU
		{35F05869-3650-46F1-9F97-B8B3BF86D367}.Release|Any CPU.Build.0 = Release|Any CPU
		{35F05869-3650-46F1-9F97-B8B3BF86D367}.Release|x64.ActiveCfg = Release|Any CPU
		{35F05869-3650-46F1-9F97-B8B3BF86D367}.Release|x64.Build.0 = Release|Any CPU
		{35F05869-3650-46F1-9F97-B8B3BF86D367}.Release|x86.ActiveCfg = Release|Any CPU
		{35F05869-3650-46F1-9F97-B8B3BF86D367}.Release|x86.Build.0 = Release|Any CPU
		{10B2B344-2DE1-4F37-8CD0-558E26C100F6}.Debug|Any CPU.ActiveCfg = Debug|Any CPU
		{10B2B344-2DE1-4F37-8CD0-558E26C100F6}.Debug|Any CPU.Build.0 = Debug|Any CPU
		{10B2B344-2DE1-4F37-8CD0-558E26C100F6}.Debug|x64.ActiveCfg = Debug|Any CPU
		{10B2B344-2DE1-4F37-8CD0-558E26C100F6}.Debug|x64.Build.0 = Debug|Any CPU
		{10B2B344-2DE1-4F37-8CD0-558E26C100F6}.Debug|x86.ActiveCfg = Debug|Any CPU
		{10B2B344-2DE1-4F37-8CD0-558E26C100F6}.Debug|x86.Build.0 = Debug|Any CPU
		{10B2B344-2DE1-4F37-8CD0-558E26C100F6}.Release|Any CPU.ActiveCfg = Release|Any CPU
		{10B2B344-2DE1-4F37-8CD0-558E26C100F6}.Release|Any CPU.Build.0 = Release|Any CPU
		{10B2B344-2DE1-4F37-8CD0-558E26C100F6}.Release|x64.ActiveCfg = Release|Any CPU
		{10B2B344-2DE1-4F37-8CD0-558E26C100F6}.Release|x64.Build.0 = Release|Any CPU
		{10B2B344-2DE1-4F37-8CD0-558E26C100F6}.Release|x86.ActiveCfg = Release|Any CPU
		{10B2B344-2DE1-4F37-8CD0-558E26C100F6}.Release|x86.Build.0 = Release|Any CPU
		{CAF47041-2846-4469-AE29-2B5208D1A6E3}.Debug|Any CPU.ActiveCfg = Debug|Any CPU
		{CAF47041-2846-4469-AE29-2B5208D1A6E3}.Debug|Any CPU.Build.0 = Debug|Any CPU
		{CAF47041-2846-4469-AE29-2B5208D1A6E3}.Debug|x64.ActiveCfg = Debug|Any CPU
		{CAF47041-2846-4469-AE29-2B5208D1A6E3}.Debug|x64.Build.0 = Debug|Any CPU
		{CAF47041-2846-4469-AE29-2B5208D1A6E3}.Debug|x86.ActiveCfg = Debug|Any CPU
		{CAF47041-2846-4469-AE29-2B5208D1A6E3}.Debug|x86.Build.0 = Debug|Any CPU
		{CAF47041-2846-4469-AE29-2B5208D1A6E3}.Release|Any CPU.ActiveCfg = Release|Any CPU
		{CAF47041-2846-4469-AE29-2B5208D1A6E3}.Release|Any CPU.Build.0 = Release|Any CPU
		{CAF47041-2846-4469-AE29-2B5208D1A6E3}.Release|x64.ActiveCfg = Release|Any CPU
		{CAF47041-2846-4469-AE29-2B5208D1A6E3}.Release|x64.Build.0 = Release|Any CPU
		{CAF47041-2846-4469-AE29-2B5208D1A6E3}.Release|x86.ActiveCfg = Release|Any CPU
		{CAF47041-2846-4469-AE29-2B5208D1A6E3}.Release|x86.Build.0 = Release|Any CPU
		{7B619406-D854-4122-93DB-87A987985ADE}.Debug|Any CPU.ActiveCfg = Debug|Any CPU
		{7B619406-D854-4122-93DB-87A987985ADE}.Debug|Any CPU.Build.0 = Debug|Any CPU
		{7B619406-D854-4122-93DB-87A987985ADE}.Debug|x64.ActiveCfg = Debug|Any CPU
		{7B619406-D854-4122-93DB-87A987985ADE}.Debug|x64.Build.0 = Debug|Any CPU
		{7B619406-D854-4122-93DB-87A987985ADE}.Debug|x86.ActiveCfg = Debug|Any CPU
		{7B619406-D854-4122-93DB-87A987985ADE}.Debug|x86.Build.0 = Debug|Any CPU
		{7B619406-D854-4122-93DB-87A987985ADE}.Release|Any CPU.ActiveCfg = Release|Any CPU
		{7B619406-D854-4122-93DB-87A987985ADE}.Release|Any CPU.Build.0 = Release|Any CPU
		{7B619406-D854-4122-93DB-87A987985ADE}.Release|x64.ActiveCfg = Release|Any CPU
		{7B619406-D854-4122-93DB-87A987985ADE}.Release|x64.Build.0 = Release|Any CPU
		{7B619406-D854-4122-93DB-87A987985ADE}.Release|x86.ActiveCfg = Release|Any CPU
		{7B619406-D854-4122-93DB-87A987985ADE}.Release|x86.Build.0 = Release|Any CPU
	EndGlobalSection
	GlobalSection(SolutionProperties) = preSolution
		HideSolutionNode = FALSE
	EndGlobalSection
	GlobalSection(NestedProjects) = preSolution
		{D747EF88-8D0F-4854-9481-9EE92928DFD9} = {827E0CD3-B72D-47B6-A68D-7590B98EB39B}
		{DBE11D75-3909-4DF6-A960-CF2E227B63DB} = {827E0CD3-B72D-47B6-A68D-7590B98EB39B}
		{35F05869-3650-46F1-9F97-B8B3BF86D367} = {827E0CD3-B72D-47B6-A68D-7590B98EB39B}
		{10B2B344-2DE1-4F37-8CD0-558E26C100F6} = {827E0CD3-B72D-47B6-A68D-7590B98EB39B}
		{CAF47041-2846-4469-AE29-2B5208D1A6E3} = {827E0CD3-B72D-47B6-A68D-7590B98EB39B}
		{7B619406-D854-4122-93DB-87A987985ADE} = {827E0CD3-B72D-47B6-A68D-7590B98EB39B}
	EndGlobalSection
EndGlobal
